// !$*UTF8*$!
{
	archiveVersion = 1;
	classes = {
	};
	objectVersion = 50;
	objects = {

/* Begin PBXBuildFile section */
		C86951102279CF5300D50137 /* main.c in Sources */ = {isa = PBXBuildFile; fileRef = C869510F2279CF5300D50137 /* main.c */; };
		C86951162279D53300D50137 /* LogPercentiles.c in Sources */ = {isa = PBXBuildFile; fileRef = C887FFB52264D99D007ADE08 /* LogPercentiles.c */; };
		C869511D2279D54900D50137 /* test_main.c in Sources */ = {isa = PBXBuildFile; fileRef = C86951112279CFF400D50137 /* test_main.c */; };
		C86951212279E4D200D50137 /* test_common.c in Sources */ = {isa = PBXBuildFile; fileRef = C869511F2279E32F00D50137 /* test_common.c */; };
		C887FFB62264D99D007ADE08 /* LogPercentiles.c in Sources */ = {isa = PBXBuildFile; fileRef = C887FFB52264D99D007ADE08 /* LogPercentiles.c */; };
/* End PBXBuildFile section */

/* Begin PBXCopyFilesBuildPhase section */
		C86951182279D53300D50137 /* CopyFiles */ = {
			isa = PBXCopyFilesBuildPhase;
			buildActionMask = 2147483647;
			dstPath = /usr/share/man/man1/;
			dstSubfolderSpec = 0;
			files = (
			);
			runOnlyForDeploymentPostprocessing = 1;
		};
		C887FFB02264D99D007ADE08 /* CopyFiles */ = {
			isa = PBXCopyFilesBuildPhase;
			buildActionMask = 2147483647;
			dstPath = /usr/share/man/man1/;
			dstSubfolderSpec = 0;
			files = (
			);
			runOnlyForDeploymentPostprocessing = 1;
		};
/* End PBXCopyFilesBuildPhase section */

/* Begin PBXFileReference section */
		C869510E2279CF3D00D50137 /* LogPercentiles.h */ = {isa = PBXFileReference; lastKnownFileType = sourcecode.c.h; path = LogPercentiles.h; sourceTree = "<group>"; };
		C869510F2279CF5300D50137 /* main.c */ = {isa = PBXFileReference; lastKnownFileType = sourcecode.c.c; path = main.c; sourceTree = "<group>"; };
		C86951112279CFF400D50137 /* test_main.c */ = {isa = PBXFileReference; lastKnownFileType = sourcecode.c.c; path = test_main.c; sourceTree = "<group>"; };
		C869511C2279D53300D50137 /* TestLogPercentiles */ = {isa = PBXFileReference; explicitFileType = "compiled.mach-o.executable"; includeInIndex = 0; path = TestLogPercentiles; sourceTree = BUILT_PRODUCTS_DIR; };
		C869511E2279E32F00D50137 /* test_common.h */ = {isa = PBXFileReference; lastKnownFileType = sourcecode.c.h; path = test_common.h; sourceTree = "<group>"; };
		C869511F2279E32F00D50137 /* test_common.c */ = {isa = PBXFileReference; lastKnownFileType = sourcecode.c.c; path = test_common.c; sourceTree = "<group>"; };
		C887FFB22264D99D007ADE08 /* LogPercentiles */ = {isa = PBXFileReference; explicitFileType = "compiled.mach-o.executable"; includeInIndex = 0; path = LogPercentiles; sourceTree = BUILT_PRODUCTS_DIR; };
		C887FFB52264D99D007ADE08 /* LogPercentiles.c */ = {isa = PBXFileReference; lastKnownFileType = sourcecode.c.c; path = LogPercentiles.c; sourceTree = "<group>"; };
/* End PBXFileReference section */

/* Begin PBXFrameworksBuildPhase section */
		C86951172279D53300D50137 /* Frameworks */ = {
			isa = PBXFrameworksBuildPhase;
			buildActionMask = 2147483647;
			files = (
			);
			runOnlyForDeploymentPostprocessing = 0;
		};
		C887FFAF2264D99D007ADE08 /* Frameworks */ = {
			isa = PBXFrameworksBuildPhase;
			buildActionMask = 2147483647;
			files = (
			);
			runOnlyForDeploymentPostprocessing = 0;
		};
/* End PBXFrameworksBuildPhase section */

/* Begin PBXGroup section */
		C887FFA92264D99D007ADE08 = {
			isa = PBXGroup;
			children = (
				C887FFB42264D99D007ADE08 /* LogPercentiles */,
				C887FFB32264D99D007ADE08 /* Products */,
			);
			sourceTree = "<group>";
		};
		C887FFB32264D99D007ADE08 /* Products */ = {
			isa = PBXGroup;
			children = (
				C887FFB22264D99D007ADE08 /* LogPercentiles */,
				C869511C2279D53300D50137 /* TestLogPercentiles */,
			);
			name = Products;
			sourceTree = "<group>";
		};
		C887FFB42264D99D007ADE08 /* LogPercentiles */ = {
			isa = PBXGroup;
			children = (
				C887FFB52264D99D007ADE08 /* LogPercentiles.c */,
				C869510E2279CF3D00D50137 /* LogPercentiles.h */,
				C869510F2279CF5300D50137 /* main.c */,
				C86951112279CFF400D50137 /* test_main.c */,
				C869511E2279E32F00D50137 /* test_common.h */,
				C869511F2279E32F00D50137 /* test_common.c */,
			);
			path = LogPercentiles;
			sourceTree = "<group>";
		};
/* End PBXGroup section */

/* Begin PBXNativeTarget section */
		C86951132279D53300D50137 /* TestLogPercentiles */ = {
			isa = PBXNativeTarget;
			buildConfigurationList = C86951192279D53300D50137 /* Build configuration list for PBXNativeTarget "TestLogPercentiles" */;
			buildPhases = (
				C86951142279D53300D50137 /* Sources */,
				C86951172279D53300D50137 /* Frameworks */,
				C86951182279D53300D50137 /* CopyFiles */,
			);
			buildRules = (
			);
			dependencies = (
			);
			name = TestLogPercentiles;
			productName = LogPercentiles;
			productReference = C869511C2279D53300D50137 /* TestLogPercentiles */;
			productType = "com.apple.product-type.tool";
		};
		C887FFB12264D99D007ADE08 /* LogPercentiles */ = {
			isa = PBXNativeTarget;
			buildConfigurationList = C887FFB92264D99D007ADE08 /* Build configuration list for PBXNativeTarget "LogPercentiles" */;
			buildPhases = (
				C887FFAE2264D99D007ADE08 /* Sources */,
				C887FFAF2264D99D007ADE08 /* Frameworks */,
				C887FFB02264D99D007ADE08 /* CopyFiles */,
			);
			buildRules = (
			);
			dependencies = (
			);
			name = LogPercentiles;
			productName = LogPercentiles;
			productReference = C887FFB22264D99D007ADE08 /* LogPercentiles */;
			productType = "com.apple.product-type.tool";
		};
/* End PBXNativeTarget section */

/* Begin PBXProject section */
		C887FFAA2264D99D007ADE08 /* Project object */ = {
			isa = PBXProject;
			attributes = {
				LastUpgradeCheck = 1020;
				ORGANIZATIONNAME = com.lexlin;
				TargetAttributes = {
					C887FFB12264D99D007ADE08 = {
						CreatedOnToolsVersion = 10.2;
					};
				};
			};
			buildConfigurationList = C887FFAD2264D99D007ADE08 /* Build configuration list for PBXProject "LogPercentiles" */;
			compatibilityVersion = "Xcode 9.3";
			developmentRegion = en;
			hasScannedForEncodings = 0;
			knownRegions = (
				en,
			);
			mainGroup = C887FFA92264D99D007ADE08;
			productRefGroup = C887FFB32264D99D007ADE08 /* Products */;
			projectDirPath = "";
			projectRoot = "";
			targets = (
				C887FFB12264D99D007ADE08 /* LogPercentiles */,
				C86951132279D53300D50137 /* TestLogPercentiles */,
			);
		};
/* End PBXProject section */

/* Begin PBXSourcesBuildPhase section */
		C86951142279D53300D50137 /* Sources */ = {
			isa = PBXSourcesBuildPhase;
			buildActionMask = 2147483647;
			files = (
				C86951212279E4D200D50137 /* test_common.c in Sources */,
				C869511D2279D54900D50137 /* test_main.c in Sources */,
				C86951162279D53300D50137 /* LogPercentiles.c in Sources */,
			);
			runOnlyForDeploymentPostprocessing = 0;
		};
		C887FFAE2264D99D007ADE08 /* Sources */ = {
			isa = PBXSourcesBuildPhase;
			buildActionMask = 2147483647;
			files = (
				C86951102279CF5300D50137 /* main.c in Sources */,
				C887FFB62264D99D007ADE08 /* LogPercentiles.c in Sources */,
			);
			runOnlyForDeploymentPostprocessing = 0;
		};
/* End PBXSourcesBuildPhase section */

/* Begin XCBuildConfiguration section */
		C869511A2279D53300D50137 /* Debug */ = {
			isa = XCBuildConfiguration;
			buildSettings = {
				CODE_SIGN_STYLE = Automatic;
				DEVELOPMENT_TEAM = 9FX5S2DFK8;
				PRODUCT_NAME = "$(TARGET_NAME)";
			};
			name = Debug;
		};
		C869511B2279D53300D50137 /* Release */ = {
			isa = XCBuildConfiguration;
			buildSettings = {
				CODE_SIGN_STYLE = Automatic;
				DEVELOPMENT_TEAM = 9FX5S2DFK8;
				PRODUCT_NAME = "$(TARGET_NAME)";
			};
			name = Release;
		};
		C887FFB72264D99D007ADE08 /* Debug */ = {
			isa = XCBuildConfiguration;
			buildSettings = {
				ALWAYS_SEARCH_USER_PATHS = NO;
				CLANG_ANALYZER_NONNULL = YES;
				CLANG_ANALYZER_NUMBER_OBJECT_CONVERSION = YES_AGGRESSIVE;
				CLANG_CXX_LANGUAGE_STANDARD = "gnu++14";
				CLANG_CXX_LIBRARY = "libc++";
				CLANG_ENABLE_MODULES = YES;
				CLANG_ENABLE_OBJC_ARC = YES;
				CLANG_ENABLE_OBJC_WEAK = YES;
				CLANG_WARN_BLOCK_CAPTURE_AUTORELEASING = YES;
				CLANG_WARN_BOOL_CONVERSION = YES;
				CLANG_WARN_COMMA = YES;
				CLANG_WARN_CONSTANT_CONVERSION = YES;
				CLANG_WARN_DEPRECATED_OBJC_IMPLEMENTATIONS = YES;
				CLANG_WARN_DIRECT_OBJC_ISA_USAGE = YES_ERROR;
				CLANG_WARN_DOCUMENTATION_COMMENTS = YES;
				CLANG_WARN_EMPTY_BODY = YES;
				CLANG_WARN_ENUM_CONVERSION = YES;
				CLANG_WARN_INFINITE_RECURSION = YES;
				CLANG_WARN_INT_CONVERSION = YES;
				CLANG_WARN_NON_LITERAL_NULL_CONVERSION = YES;
				CLANG_WARN_OBJC_IMPLICIT_RETAIN_SELF = YES;
				CLANG_WARN_OBJC_LITERAL_CONVERSION = YES;
				CLANG_WARN_OBJC_ROOT_CLASS = YES_ERROR;
				CLANG_WARN_RANGE_LOOP_ANALYSIS = YES;
				CLANG_WARN_STRICT_PROTOTYPES = YES;
				CLANG_WARN_SUSPICIOUS_MOVE = YES;
				CLANG_WARN_UNGUARDED_AVAILABILITY = YES_AGGRESSIVE;
				CLANG_WARN_UNREACHABLE_CODE = YES;
				CLANG_WARN__DUPLICATE_METHOD_MATCH = YES;
				CODE_SIGN_IDENTITY = "Mac Developer";
				COPY_PHASE_STRIP = NO;
				DEBUG_INFORMATION_FORMAT = dwarf;
				ENABLE_STRICT_OBJC_MSGSEND = YES;
				ENABLE_TESTABILITY = YES;
				GCC_C_LANGUAGE_STANDARD = gnu11;
				GCC_DYNAMIC_NO_PIC = NO;
				GCC_NO_COMMON_BLOCKS = YES;
				GCC_OPTIMIZATION_LEVEL = 0;
				GCC_PREPROCESSOR_DEFINITIONS = (
					"DEBUG=1",
					"$(inherited)",
				);
				GCC_WARN_64_TO_32_BIT_CONVERSION = YES;
				GCC_WARN_ABOUT_RETURN_TYPE = YES_ERROR;
				GCC_WARN_UNDECLARED_SELECTOR = YES;
				GCC_WARN_UNINITIALIZED_AUTOS = YES_AGGRESSIVE;
				GCC_WARN_UNUSED_FUNCTION = YES;
				GCC_WARN_UNUSED_VARIABLE = YES;
				MACOSX_DEPLOYMENT_TARGET = 10.14;
				MTL_ENABLE_DEBUG_INFO = INCLUDE_SOURCE;
				MTL_FAST_MATH = YES;
				ONLY_ACTIVE_ARCH = YES;
				SDKROOT = macosx;
			};
			name = Debug;
		};
		C887FFB82264D99D007ADE08 /* Release */ = {
			isa = XCBuildConfiguration;
			buildSettings = {
				ALWAYS_SEARCH_USER_PATHS = NO;
				CLANG_ANALYZER_NONNULL = YES;
				CLANG_ANALYZER_NUMBER_OBJECT_CONVERSION = YES_AGGRESSIVE;
				CLANG_CXX_LANGUAGE_STANDARD = "gnu++14";
				CLANG_CXX_LIBRARY = "libc++";
				CLANG_ENABLE_MODULES = YES;
				CLANG_ENABLE_OBJC_ARC = YES;
				CLANG_ENABLE_OBJC_WEAK = YES;
				CLANG_WARN_BLOCK_CAPTURE_AUTORELEASING = YES;
				CLANG_WARN_BOOL_CONVERSION = YES;
				CLANG_WARN_COMMA = YES;
				CLANG_WARN_CONSTANT_CONVERSION = YES;
				CLANG_WARN_DEPRECATED_OBJC_IMPLEMENTATIONS = YES;
				CLANG_WARN_DIRECT_OBJC_ISA_USAGE = YES_ERROR;
				CLANG_WARN_DOCUMENTATION_COMMENTS = YES;
				CLANG_WARN_EMPTY_BODY = YES;
				CLANG_WARN_ENUM_CONVERSION = YES;
				CLANG_WARN_INFINITE_RECURSION = YES;
				CLANG_WARN_INT_CONVERSION = YES;
				CLANG_WARN_NON_LITERAL_NULL_CONVERSION = YES;
				CLANG_WARN_OBJC_IMPLICIT_RETAIN_SELF = YES;
				CLANG_WARN_OBJC_LITERAL_CONVERSION = YES;
				CLANG_WARN_OBJC_ROOT_CLASS = YES_ERROR;
				CLANG_WARN_RANGE_LOOP_ANALYSIS = YES;
				CLANG_WARN_STRICT_PROTOTYPES = YES;
				CLANG_WARN_SUSPICIOUS_MOVE = YES;
				CLANG_WARN_UNGUARDED_AVAILABILITY = YES_AGGRESSIVE;
				CLANG_WARN_UNREACHABLE_CODE = YES;
				CLANG_WARN__DUPLICATE_METHOD_MATCH = YES;
				CODE_SIGN_IDENTITY = "Mac Developer";
				COPY_PHASE_STRIP = NO;
				DEBUG_INFORMATION_FORMAT = "dwarf-with-dsym";
				ENABLE_NS_ASSERTIONS = NO;
				ENABLE_STRICT_OBJC_MSGSEND = YES;
				GCC_C_LANGUAGE_STANDARD = gnu11;
				GCC_NO_COMMON_BLOCKS = YES;
				GCC_WARN_64_TO_32_BIT_CONVERSION = YES;
				GCC_WARN_ABOUT_RETURN_TYPE = YES_ERROR;
				GCC_WARN_UNDECLARED_SELECTOR = YES;
				GCC_WARN_UNINITIALIZED_AUTOS = YES_AGGRESSIVE;
				GCC_WARN_UNUSED_FUNCTION = YES;
				GCC_WARN_UNUSED_VARIABLE = YES;
				MACOSX_DEPLOYMENT_TARGET = 10.14;
				MTL_ENABLE_DEBUG_INFO = NO;
				MTL_FAST_MATH = YES;
				SDKROOT = macosx;
			};
			name = Release;
		};
		C887FFBA2264D99D007ADE08 /* Debug */ = {
			isa = XCBuildConfiguration;
			buildSettings = {
				CODE_SIGN_STYLE = Automatic;
				DEVELOPMENT_TEAM = 9FX5S2DFK8;
				PRODUCT_NAME = "$(TARGET_NAME)";
			};
			name = Debug;
		};
		C887FFBB2264D99D007ADE08 /* Release */ = {
			isa = XCBuildConfiguration;
			buildSettings = {
				CODE_SIGN_STYLE = Automatic;
				DEVELOPMENT_TEAM = 9FX5S2DFK8;
				PRODUCT_NAME = "$(TARGET_NAME)";
			};
			name = Release;
		};
/* End XCBuildConfiguration section */

/* Begin XCConfigurationList section */
		C86951192279D53300D50137 /* Build configuration list for PBXNativeTarget "TestLogPercentiles" */ = {
			isa = XCConfigurationList;
			buildConfigurations = (
				C869511A2279D53300D50137 /* Debug */,
				C869511B2279D53300D50137 /* Release */,
			);
			defaultConfigurationIsVisible = 0;
			defaultConfigurationName = Release;
		};
		C887FFAD2264D99D007ADE08 /* Build configuration list for PBXProject "LogPercentiles" */ = {
			isa = XCConfigurationList;
			buildConfigurations = (
				C887FFB72264D99D007ADE08 /* Debug */,
				C887FFB82264D99D007ADE08 /* Release */,
			);
			defaultConfigurationIsVisible = 0;
			defaultConfigurationName = Release;
		};
		C887FFB92264D99D007ADE08 /* Build configuration list for PBXNativeTarget "LogPercentiles" */ = {
			isa = XCConfigurationList;
			buildConfigurations = (
				C887FFBA2264D99D007ADE08 /* Debug */,
				C887FFBB2264D99D007ADE08 /* Release */,
			);
			defaultConfigurationIsVisible = 0;
			defaultConfigurationName = Release;
		};
/* End XCConfigurationList section */
	};
	rootObject = C887FFAA2264D99D007ADE08 /* Project object */;
}
